// !$*UTF8*$!
{
	archiveVersion = 1;
	classes = {
	};
	objectVersion = 50;
	objects = {

/* Begin PBXBuildFile section */
		F9D63CD2241D0F4B00740439 /* AppDelegate.swift in Sources */ = {isa = PBXBuildFile; fileRef = F9D63CD1241D0F4B00740439 /* AppDelegate.swift */; };
		F9D63CD4241D0F4B00740439 /* SceneDelegate.swift in Sources */ = {isa = PBXBuildFile; fileRef = F9D63CD3241D0F4B00740439 /* SceneDelegate.swift */; };
		F9D63CD7241D0F4B00740439 /* SwiftTodo.xcdatamodeld in Sources */ = {isa = PBXBuildFile; fileRef = F9D63CD5241D0F4B00740439 /* SwiftTodo.xcdatamodeld */; };
		F9D63CD9241D0F4B00740439 /* ContentView.swift in Sources */ = {isa = PBXBuildFile; fileRef = F9D63CD8241D0F4B00740439 /* ContentView.swift */; };
		F9D63CDB241D0F4C00740439 /* Assets.xcassets in Resources */ = {isa = PBXBuildFile; fileRef = F9D63CDA241D0F4C00740439 /* Assets.xcassets */; };
		F9D63CDE241D0F4C00740439 /* Preview Assets.xcassets in Resources */ = {isa = PBXBuildFile; fileRef = F9D63CDD241D0F4C00740439 /* Preview Assets.xcassets */; };
		F9D63CE1241D0F4C00740439 /* LaunchScreen.storyboard in Resources */ = {isa = PBXBuildFile; fileRef = F9D63CDF241D0F4C00740439 /* LaunchScreen.storyboard */; };
		F9D63CE9241D130A00740439 /* TodoItem.swift in Sources */ = {isa = PBXBuildFile; fileRef = F9D63CE8241D130A00740439 /* TodoItem.swift */; };
/* End PBXBuildFile section */

/* Begin PBXFileReference section */
		F9D63CCE241D0F4B00740439 /* SwiftTodo.app */ = {isa = PBXFileReference; explicitFileType = wrapper.application; includeInIndex = 0; path = SwiftTodo.app; sourceTree = BUILT_PRODUCTS_DIR; };
		F9D63CD1241D0F4B00740439 /* AppDelegate.swift */ = {isa = PBXFileReference; lastKnownFileType = sourcecode.swift; path = AppDelegate.swift; sourceTree = "<group>"; };
		F9D63CD3241D0F4B00740439 /* SceneDelegate.swift */ = {isa = PBXFileReference; lastKnownFileType = sourcecode.swift; path = SceneDelegate.swift; sourceTree = "<group>"; };
		F9D63CD6241D0F4B00740439 /* SwiftTodo.xcdatamodel */ = {isa = PBXFileReference; lastKnownFileType = wrapper.xcdatamodel; path = SwiftTodo.xcdatamodel; sourceTree = "<group>"; };
		F9D63CD8241D0F4B00740439 /* ContentView.swift */ = {isa = PBXFileReference; lastKnownFileType = sourcecode.swift; path = ContentView.swift; sourceTree = "<group>"; };
		F9D63CDA241D0F4C00740439 /* Assets.xcassets */ = {isa = PBXFileReference; lastKnownFileType = folder.assetcatalog; path = Assets.xcassets; sourceTree = "<group>"; };
		F9D63CDD241D0F4C00740439 /* Preview Assets.xcassets */ = {isa = PBXFileReference; lastKnownFileType = folder.assetcatalog; path = "Preview Assets.xcassets"; sourceTree = "<group>"; };
		F9D63CE0241D0F4C00740439 /* Base */ = {isa = PBXFileReference; lastKnownFileType = file.storyboard; name = Base; path = Base.lproj/LaunchScreen.storyboard; sourceTree = "<group>"; };
		F9D63CE2241D0F4C00740439 /* Info.plist */ = {isa = PBXFileReference; lastKnownFileType = text.plist.xml; path = Info.plist; sourceTree = "<group>"; };
		F9D63CE8241D130A00740439 /* TodoItem.swift */ = {isa = PBXFileReference; lastKnownFileType = sourcecode.swift; path = TodoItem.swift; sourceTree = "<group>"; };
/* End PBXFileReference section */

/* Begin PBXFrameworksBuildPhase section */
		F9D63CCB241D0F4B00740439 /* Frameworks */ = {
			isa = PBXFrameworksBuildPhase;
			buildActionMask = 2147483647;
			files = (
			);
			runOnlyForDeploymentPostprocessing = 0;
		};
/* End PBXFrameworksBuildPhase section */

/* Begin PBXGroup section */
		F9D63CC5241D0F4B00740439 = {
			isa = PBXGroup;
			children = (
				F9D63CD0241D0F4B00740439 /* SwiftTodo */,
				F9D63CCF241D0F4B00740439 /* Products */,
			);
			sourceTree = "<group>";
		};
		F9D63CCF241D0F4B00740439 /* Products */ = {
			isa = PBXGroup;
			children = (
				F9D63CCE241D0F4B00740439 /* SwiftTodo.app */,
			);
			name = Products;
			sourceTree = "<group>";
		};
		F9D63CD0241D0F4B00740439 /* SwiftTodo */ = {
			isa = PBXGroup;
			children = (
				F9D63CD1241D0F4B00740439 /* AppDelegate.swift */,
				F9D63CD3241D0F4B00740439 /* SceneDelegate.swift */,
				F9D63CD8241D0F4B00740439 /* ContentView.swift */,
				F9D63CE8241D130A00740439 /* TodoItem.swift */,
				F9D63CDA241D0F4C00740439 /* Assets.xcassets */,
				F9D63CDF241D0F4C00740439 /* LaunchScreen.storyboard */,
				F9D63CE2241D0F4C00740439 /* Info.plist */,
				F9D63CD5241D0F4B00740439 /* SwiftTodo.xcdatamodeld */,
				F9D63CDC241D0F4C00740439 /* Preview Content */,
			);
			path = SwiftTodo;
			sourceTree = "<group>";
		};
		F9D63CDC241D0F4C00740439 /* Preview Content */ = {
			isa = PBXGroup;
			children = (
				F9D63CDD241D0F4C00740439 /* Preview Assets.xcassets */,
			);
			path = "Preview Content";
			sourceTree = "<group>";
		};
/* End PBXGroup section */

/* Begin PBXNativeTarget section */
		F9D63CCD241D0F4B00740439 /* SwiftTodo */ = {
			isa = PBXNativeTarget;
			buildConfigurationList = F9D63CE5241D0F4C00740439 /* Build configuration list for PBXNativeTarget "SwiftTodo" */;
			buildPhases = (
				F9D63CCA241D0F4B00740439 /* Sources */,
				F9D63CCB241D0F4B00740439 /* Frameworks */,
				F9D63CCC241D0F4B00740439 /* Resources */,
			);
			buildRules = (
			);
			dependencies = (
			);
			name = SwiftTodo;
			productName = SwiftTodo;
			productReference = F9D63CCE241D0F4B00740439 /* SwiftTodo.app */;
			productType = "com.apple.product-type.application";
		};
/* End PBXNativeTarget section */

/* Begin PBXProject section */
		F9D63CC6241D0F4B00740439 /* Project object */ = {
			isa = PBXProject;
			attributes = {
				LastSwiftUpdateCheck = 1130;
				LastUpgradeCheck = 1130;
				ORGANIZATIONNAME = "Dylan Meivis";
				TargetAttributes = {
					F9D63CCD241D0F4B00740439 = {
						CreatedOnToolsVersion = 11.3.1;
					};
				};
			};
			buildConfigurationList = F9D63CC9241D0F4B00740439 /* Build configuration list for PBXProject "SwiftTodo" */;
			compatibilityVersion = "Xcode 9.3";
			developmentRegion = en;
			hasScannedForEncodings = 0;
			knownRegions = (
				en,
				Base,
			);
			mainGroup = F9D63CC5241D0F4B00740439;
			productRefGroup = F9D63CCF241D0F4B00740439 /* Products */;
			projectDirPath = "";
			projectRoot = "";
			targets = (
				F9D63CCD241D0F4B00740439 /* SwiftTodo */,
			);
		};
/* End PBXProject section */

/* Begin PBXResourcesBuildPhase section */
		F9D63CCC241D0F4B00740439 /* Resources */ = {
			isa = PBXResourcesBuildPhase;
			buildActionMask = 2147483647;
			files = (
				F9D63CE1241D0F4C00740439 /* LaunchScreen.storyboard in Resources */,
				F9D63CDE241D0F4C00740439 /* Preview Assets.xcassets in Resources */,
				F9D63CDB241D0F4C00740439 /* Assets.xcassets in Resources */,
			);
			runOnlyForDeploymentPostprocessing = 0;
		};
/* End PBXResourcesBuildPhase section */

/* Begin PBXSourcesBuildPhase section */
		F9D63CCA241D0F4B00740439 /* Sources */ = {
			isa = PBXSourcesBuildPhase;
			buildActionMask = 2147483647;
			files = (
				F9D63CE9241D130A00740439 /* TodoItem.swift in Sources */,
				F9D63CD2241D0F4B00740439 /* AppDelegate.swift in Sources */,
				F9D63CD4241D0F4B00740439 /* SceneDelegate.swift in Sources */,
				F9D63CD9241D0F4B00740439 /* ContentView.swift in Sources */,
				F9D63CD7241D0F4B00740439 /* SwiftTodo.xcdatamodeld in Sources */,
			);
			runOnlyForDeploymentPostprocessing = 0;
		};
/* End PBXSourcesBuildPhase section */

/* Begin PBXVariantGroup section */
		F9D63CDF241D0F4C00740439 /* LaunchScreen.storyboard */ = {
			isa = PBXVariantGroup;
			children = (
				F9D63CE0241D0F4C00740439 /* Base */,
			);
			name = LaunchScreen.storyboard;
			sourceTree = "<group>";
		};
/* End PBXVariantGroup section */

/* Begin XCBuildConfiguration section */
		F9D63CE3241D0F4C00740439 /* Debug */ = {
			isa = XCBuildConfiguration;
			buildSettings = {
				ALWAYS_SEARCH_USER_PATHS = NO;
				CLANG_ANALYZER_NONNULL = YES;
				CLANG_ANALYZER_NUMBER_OBJECT_CONVERSION = YES_AGGRESSIVE;
				CLANG_CXX_LANGUAGE_STANDARD = "gnu++14";
				CLANG_CXX_LIBRARY = "libc++";
				CLANG_ENABLE_MODULES = YES;
				CLANG_ENABLE_OBJC_ARC = YES;
				CLANG_ENABLE_OBJC_WEAK = YES;
				CLANG_WARN_BLOCK_CAPTURE_AUTORELEASING = YES;
				CLANG_WARN_BOOL_CONVERSION = YES;
				CLANG_WARN_COMMA = YES;
				CLANG_WARN_CONSTANT_CONVERSION = YES;
				CLANG_WARN_DEPRECATED_OBJC_IMPLEMENTATIONS = YES;
				CLANG_WARN_DIRECT_OBJC_ISA_USAGE = YES_ERROR;
				CLANG_WARN_DOCUMENTATION_COMMENTS = YES;
				CLANG_WARN_EMPTY_BODY = YES;
				CLANG_WARN_ENUM_CONVERSION = YES;
				CLANG_WARN_INFINITE_RECURSION = YES;
				CLANG_WARN_INT_CONVERSION = YES;
				CLANG_WARN_NON_LITERAL_NULL_CONVERSION = YES;
				CLANG_WARN_OBJC_IMPLICIT_RETAIN_SELF = YES;
				CLANG_WARN_OBJC_LITERAL_CONVERSION = YES;
				CLANG_WARN_OBJC_ROOT_CLASS = YES_ERROR;
				CLANG_WARN_RANGE_LOOP_ANALYSIS = YES;
				CLANG_WARN_STRICT_PROTOTYPES = YES;
				CLANG_WARN_SUSPICIOUS_MOVE = YES;
				CLANG_WARN_UNGUARDED_AVAILABILITY = YES_AGGRESSIVE;
				CLANG_WARN_UNREACHABLE_CODE = YES;
				CLANG_WARN__DUPLICATE_METHOD_MATCH = YES;
				COPY_PHASE_STRIP = NO;
				DEBUG_INFORMATION_FORMAT = dwarf;
				ENABLE_STRICT_OBJC_MSGSEND = YES;
				ENABLE_TESTABILITY = YES;
				GCC_C_LANGUAGE_STANDARD = gnu11;
				GCC_DYNAMIC_NO_PIC = NO;
				GCC_NO_COMMON_BLOCKS = YES;
				GCC_OPTIMIZATION_LEVEL = 0;
				GCC_PREPROCESSOR_DEFINITIONS = (
					"DEBUG=1",
					"$(inherited)",
				);
				GCC_WARN_64_TO_32_BIT_CONVERSION = YES;
				GCC_WARN_ABOUT_RETURN_TYPE = YES_ERROR;
				GCC_WARN_UNDECLARED_SELECTOR = YES;
				GCC_WARN_UNINITIALIZED_AUTOS = YES_AGGRESSIVE;
				GCC_WARN_UNUSED_FUNCTION = YES;
				GCC_WARN_UNUSED_VARIABLE = YES;
				IPHONEOS_DEPLOYMENT_TARGET = 13.2;
				MTL_ENABLE_DEBUG_INFO = INCLUDE_SOURCE;
				MTL_FAST_MATH = YES;
				ONLY_ACTIVE_ARCH = YES;
				SDKROOT = iphoneos;
				SWIFT_ACTIVE_COMPILATION_CONDITIONS = DEBUG;
				SWIFT_OPTIMIZATION_LEVEL = "-Onone";
			};
			name = Debug;
		};
		F9D63CE4241D0F4C00740439 /* Release */ = {
			isa = XCBuildConfiguration;
			buildSettings = {
				ALWAYS_SEARCH_USER_PATHS = NO;
				CLANG_ANALYZER_NONNULL = YES;
				CLANG_ANALYZER_NUMBER_OBJECT_CONVERSION = YES_AGGRESSIVE;
				CLANG_CXX_LANGUAGE_STANDARD = "gnu++14";
				CLANG_CXX_LIBRARY = "libc++";
				CLANG_ENABLE_MODULES = YES;
				CLANG_ENABLE_OBJC_ARC = YES;
				CLANG_ENABLE_OBJC_WEAK = YES;
				CLANG_WARN_BLOCK_CAPTURE_AUTORELEASING = YES;
				CLANG_WARN_BOOL_CONVERSION = YES;
				CLANG_WARN_COMMA = YES;
				CLANG_WARN_CONSTANT_CONVERSION = YES;
				CLANG_WARN_DEPRECATED_OBJC_IMPLEMENTATIONS = YES;
				CLANG_WARN_DIRECT_OBJC_ISA_USAGE = YES_ERROR;
				CLANG_WARN_DOCUMENTATION_COMMENTS = YES;
				CLANG_WARN_EMPTY_BODY = YES;
				CLANG_WARN_ENUM_CONVERSION = YES;
				CLANG_WARN_INFINITE_RECURSION = YES;
				CLANG_WARN_INT_CONVERSION = YES;
				CLANG_WARN_NON_LITERAL_NULL_CONVERSION = YES;
				CLANG_WARN_OBJC_IMPLICIT_RETAIN_SELF = YES;
				CLANG_WARN_OBJC_LITERAL_CONVERSION = YES;
				CLANG_WARN_OBJC_ROOT_CLASS = YES_ERROR;
				CLANG_WARN_RANGE_LOOP_ANALYSIS = YES;
				CLANG_WARN_STRICT_PROTOTYPES = YES;
				CLANG_WARN_SUSPICIOUS_MOVE = YES;
				CLANG_WARN_UNGUARDED_AVAILABILITY = YES_AGGRESSIVE;
				CLANG_WARN_UNREACHABLE_CODE = YES;
				CLANG_WARN__DUPLICATE_METHOD_MATCH = YES;
				COPY_PHASE_STRIP = NO;
				DEBUG_INFORMATION_FORMAT = "dwarf-with-dsym";
				ENABLE_NS_ASSERTIONS = NO;
				ENABLE_STRICT_OBJC_MSGSEND = YES;
				GCC_C_LANGUAGE_STANDARD = gnu11;
				GCC_NO_COMMON_BLOCKS = YES;
				GCC_WARN_64_TO_32_BIT_CONVERSION = YES;
				GCC_WARN_ABOUT_RETURN_TYPE = YES_ERROR;
				GCC_WARN_UNDECLARED_SELECTOR = YES;
				GCC_WARN_UNINITIALIZED_AUTOS = YES_AGGRESSIVE;
				GCC_WARN_UNUSED_FUNCTION = YES;
				GCC_WARN_UNUSED_VARIABLE = YES;
				IPHONEOS_DEPLOYMENT_TARGET = 13.2;
				MTL_ENABLE_DEBUG_INFO = NO;
				MTL_FAST_MATH = YES;
				SDKROOT = iphoneos;
				SWIFT_COMPILATION_MODE = wholemodule;
				SWIFT_OPTIMIZATION_LEVEL = "-O";
				VALIDATE_PRODUCT = YES;
			};
			name = Release;
		};
		F9D63CE6241D0F4C00740439 /* Debug */ = {
			isa = XCBuildConfiguration;
			buildSettings = {
				ASSETCATALOG_COMPILER_APPICON_NAME = AppIcon;
				CODE_SIGN_STYLE = Automatic;
				DEVELOPMENT_ASSET_PATHS = "\"SwiftTodo/Preview Content\"";
				ENABLE_PREVIEWS = YES;
				INFOPLIST_FILE = SwiftTodo/Info.plist;
				LD_RUNPATH_SEARCH_PATHS = (
					"$(inherited)",
					"@executable_path/Frameworks",
				);
				PRODUCT_BUNDLE_IDENTIFIER = com.dylanmeivis.SwiftTodo;
				PRODUCT_NAME = "$(TARGET_NAME)";
				SWIFT_VERSION = 5.0;
				TARGETED_DEVICE_FAMILY = "1,2";
			};
			name = Debug;
		};
		F9D63CE7241D0F4C00740439 /* Release */ = {
			isa = XCBuildConfiguration;
			buildSettings = {
				ASSETCATALOG_COMPILER_APPICON_NAME = AppIcon;
				CODE_SIGN_STYLE = Automatic;
				DEVELOPMENT_ASSET_PATHS = "\"SwiftTodo/Preview Content\"";
				ENABLE_PREVIEWS = YES;
				INFOPLIST_FILE = SwiftTodo/Info.plist;
				LD_RUNPATH_SEARCH_PATHS = (
					"$(inherited)",
					"@executable_path/Frameworks",
				);
				PRODUCT_BUNDLE_IDENTIFIER = com.dylanmeivis.SwiftTodo;
				PRODUCT_NAME = "$(TARGET_NAME)";
				SWIFT_VERSION = 5.0;
				TARGETED_DEVICE_FAMILY = "1,2";
			};
			name = Release;
		};
/* End XCBuildConfiguration section */

/* Begin XCConfigurationList section */
		F9D63CC9241D0F4B00740439 /* Build configuration list for PBXProject "SwiftTodo" */ = {
			isa = XCConfigurationList;
			buildConfigurations = (
				F9D63CE3241D0F4C00740439 /* Debug */,
				F9D63CE4241D0F4C00740439 /* Release */,
			);
			defaultConfigurationIsVisible = 0;
			defaultConfigurationName = Release;
		};
		F9D63CE5241D0F4C00740439 /* Build configuration list for PBXNativeTarget "SwiftTodo" */ = {
			isa = XCConfigurationList;
			buildConfigurations = (
				F9D63CE6241D0F4C00740439 /* Debug */,
				F9D63CE7241D0F4C00740439 /* Release */,
			);
			defaultConfigurationIsVisible = 0;
			defaultConfigurationName = Release;
		};
/* End XCConfigurationList section */

/* Begin XCVersionGroup section */
		F9D63CD5241D0F4B00740439 /* SwiftTodo.xcdatamodeld */ = {
			isa = XCVersionGroup;
			children = (
				F9D63CD6241D0F4B00740439 /* SwiftTodo.xcdatamodel */,
			);
			currentVersion = F9D63CD6241D0F4B00740439 /* SwiftTodo.xcdatamodel */;
			path = SwiftTodo.xcdatamodeld;
			sourceTree = "<group>";
			versionGroupType = wrapper.xcdatamodel;
		};
/* End XCVersionGroup section */
	};
	rootObject = F9D63CC6241D0F4B00740439 /* Project object */;
}
